
Microsoft Visual Studio Solution File, Format Version 12.00
# Visual Studio Version 16
VisualStudioVersion = 16.0.30204.135
MinimumVisualStudioVersion = 10.0.40219.1
Project("{9A19103F-16F7-4668-BE54-9A1E7A4F7556}") = "Classes02-OpinionPoll", "Classes02\Classes02-OpinionPoll.csproj", "{4E0F545E-3148-4276-93F7-CDE0A811A03B}"
EndProject
Project("{9A19103F-16F7-4668-BE54-9A1E7A4F7556}") = "Classes01-DefiningClasses", "Classes01\Classes01-DefiningClasses.csproj", "{1AC44283-4FE4-48D9-8479-B7CEE05FDEA0}"
EndProject
Project("{9A19103F-16F7-4668-BE54-9A1E7A4F7556}") = "Classes03-DateModifier", "Classes03\Classes03-DateModifier.csproj", "{153205C9-A2B1-4C8F-8FC2-95AB7D80F20E}"
EndProject
Project("{9A19103F-16F7-4668-BE54-9A1E7A4F7556}") = "Classes04-SpeedRacing", "Classes04\Classes04-SpeedRacing.csproj", "{2695C7C8-9679-4126-91DA-A2735042A0C8}"
EndProject
Project("{9A19103F-16F7-4668-BE54-9A1E7A4F7556}") = "Classes05-RawData", "Classes05\Classes05-RawData.csproj", "{5F13A051-CB5A-4722-9BDC-B218C17ABEC1}"
EndProject
Project("{FAE04EC0-301F-11D3-BF4B-00C04F79EFBC}") = "Classes06-CarSalesman", "Classes06-CarSalesman\Classes06-CarSalesman.csproj", "{8D7DDA72-FCE4-42A6-BA7B-45F47BB4ED66}"
EndProject
Project("{FAE04EC0-301F-11D3-BF4B-00C04F79EFBC}") = "Classes07-PokemonTrainer", "Classes07-PokemonTrainer\Classes07-PokemonTrainer.csproj", "{8646AF56-F142-404A-AB84-4A42B13AB2FA}"
EndProject
Global
	GlobalSection(SolutionConfigurationPlatforms) = preSolution
		Debug|Any CPU = Debug|Any CPU
		Release|Any CPU = Release|Any CPU
	EndGlobalSection
	GlobalSection(ProjectConfigurationPlatforms) = postSolution
		{4E0F545E-3148-4276-93F7-CDE0A811A03B}.Debug|Any CPU.ActiveCfg = Debug|Any CPU
		{4E0F545E-3148-4276-93F7-CDE0A811A03B}.Debug|Any CPU.Build.0 = Debug|Any CPU
		{4E0F545E-3148-4276-93F7-CDE0A811A03B}.Release|Any CPU.ActiveCfg = Release|Any CPU
		{4E0F545E-3148-4276-93F7-CDE0A811A03B}.Release|Any CPU.Build.0 = Release|Any CPU
		{1AC44283-4FE4-48D9-8479-B7CEE05FDEA0}.Debug|Any CPU.ActiveCfg = Debug|Any CPU
		{1AC44283-4FE4-48D9-8479-B7CEE05FDEA0}.Debug|Any CPU.Build.0 = Debug|Any CPU
		{1AC44283-4FE4-48D9-8479-B7CEE05FDEA0}.Release|Any CPU.ActiveCfg = Release|Any CPU
		{1AC44283-4FE4-48D9-8479-B7CEE05FDEA0}.Release|Any CPU.Build.0 = Release|Any CPU
		{153205C9-A2B1-4C8F-8FC2-95AB7D80F20E}.Debug|Any CPU.ActiveCfg = Debug|Any CPU
		{153205C9-A2B1-4C8F-8FC2-95AB7D80F20E}.Debug|Any CPU.Build.0 = Debug|Any CPU
		{153205C9-A2B1-4C8F-8FC2-95AB7D80F20E}.Release|Any CPU.ActiveCfg = Release|Any CPU
		{153205C9-A2B1-4C8F-8FC2-95AB7D80F20E}.Release|Any CPU.Build.0 = Release|Any CPU
		{2695C7C8-9679-4126-91DA-A2735042A0C8}.Debug|Any CPU.ActiveCfg = Debug|Any CPU
		{2695C7C8-9679-4126-91DA-A2735042A0C8}.Debug|Any CPU.Build.0 = Debug|Any CPU
		{2695C7C8-9679-4126-91DA-A2735042A0C8}.Release|Any CPU.ActiveCfg = Release|Any CPU
		{2695C7C8-9679-4126-91DA-A2735042A0C8}.Release|Any CPU.Build.0 = Release|Any CPU
		{5F13A051-CB5A-4722-9BDC-B218C17ABEC1}.Debug|Any CPU.ActiveCfg = Debug|Any CPU
		{5F13A051-CB5A-4722-9BDC-B218C17ABEC1}.Debug|Any CPU.Build.0 = Debug|Any CPU
		{5F13A051-CB5A-4722-9BDC-B218C17ABEC1}.Release|Any CPU.ActiveCfg = Release|Any CPU
		{5F13A051-CB5A-4722-9BDC-B218C17ABEC1}.Release|Any CPU.Build.0 = Release|Any CPU
		{8D7DDA72-FCE4-42A6-BA7B-45F47BB4ED66}.Debug|Any CPU.ActiveCfg = Debug|Any CPU
		{8D7DDA72-FCE4-42A6-BA7B-45F47BB4ED66}.Debug|Any CPU.Build.0 = Debug|Any CPU
		{8D7DDA72-FCE4-42A6-BA7B-45F47BB4ED66}.Release|Any CPU.ActiveCfg = Release|Any CPU
		{8D7DDA72-FCE4-42A6-BA7B-45F47BB4ED66}.Release|Any CPU.Build.0 = Release|Any CPU
		{8646AF56-F142-404A-AB84-4A42B13AB2FA}.Debug|Any CPU.ActiveCfg = Debug|Any CPU
		{8646AF56-F142-404A-AB84-4A42B13AB2FA}.Debug|Any CPU.Build.0 = Debug|Any CPU
		{8646AF56-F142-404A-AB84-4A42B13AB2FA}.Release|Any CPU.ActiveCfg = Release|Any CPU
		{8646AF56-F142-404A-AB84-4A42B13AB2FA}.Release|Any CPU.Build.0 = Release|Any CPU
	EndGlobalSection
	GlobalSection(SolutionProperties) = preSolution
		HideSolutionNode = FALSE
	EndGlobalSection
	GlobalSection(ExtensibilityGlobals) = postSolution
		SolutionGuid = {021801DD-FB26-4AC1-B6D2-F5565A6C3473}
	EndGlobalSection
EndGlobal
